
Microsoft Visual Studio Solution File, Format Version 12.00
# Visual Studio Version 17
VisualStudioVersion = 17.9.34728.123
MinimumVisualStudioVersion = 10.0.40219.1
Project("{FAE04EC0-301F-11D3-BF4B-00C04F79EFBC}") = "EmployeesAPI", "EmployeesAPI\EmployeesAPI.csproj", "{D35C23A0-988C-4EAB-8A2C-2523A8A595A1}"
EndProject
Global
	GlobalSection(SolutionConfigurationPlatforms) = preSolution
		Debug|Any CPU = Debug|Any CPU
		Release|Any CPU = Release|Any CPU
	EndGlobalSection
	GlobalSection(ProjectConfigurationPlatforms) = postSolution
		{D35C23A0-988C-4EAB-8A2C-2523A8A595A1}.Debug|Any CPU.ActiveCfg = Debug|Any CPU
		{D35C23A0-988C-4EAB-8A2C-2523A8A595A1}.Debug|Any CPU.Build.0 = Debug|Any CPU
		{D35C23A0-988C-4EAB-8A2C-2523A8A595A1}.Release|Any CPU.ActiveCfg = Release|Any CPU
		{D35C23A0-988C-4EAB-8A2C-2523A8A595A1}.Release|Any CPU.Build.0 = Release|Any CPU
	EndGlobalSection
	GlobalSection(SolutionProperties) = preSolution
		HideSolutionNode = FALSE
	EndGlobalSection
	GlobalSection(ExtensibilityGlobals) = postSolution
		SolutionGuid = {9830C65D-5986-4C17-918A-8697F2055E9A}
	EndGlobalSection
EndGlobal
